<?xml version="1.0" encoding="UTF-8"?>
<CONFIG>
  <ProjectOptions>
    <Version Value="11"/>
    <PathDelim Value="\"/>
    <General>
      <MainUnit Value="0"/>
      <Title Value="lazKlock"/>
      <Scaled Value="True"/>
      <ResourceType Value="res"/>
      <UseXPManifest Value="True"/>
      <XPManifest>
        <DpiAware Value="True/PM"/>
        <TextName Value="Keleven.Klock"/>
        <TextDesc Value="A timing thingy - the clock with a K"/>
      </XPManifest>
      <Icon Value="0"/>
    </General>
    <i18n>
      <EnableI18N LFM="False"/>
    </i18n>
    <VersionInfo>
      <UseVersionInfo Value="True"/>
      <MajorVersionNr Value="2"/>
      <MinorVersionNr Value="6"/>
      <BuildNr Value="114"/>
      <Language Value="0809"/>
      <Attributes pvaDebug="True"/>
      <StringTable Comments="conatct :: lazKlock&lt;at>keleven.co.uk" CompanyName="www.keleven.co.uk" FileDescription="A timing thingy - the clock with a K" InternalName="lazklock" LegalCopyright="(c) kevin Scott 2012 - 2019" OriginalFilename="klock.exe" ProductName="lazklock" ProductVersion="Build 114"/>
    </VersionInfo>
    <BuildModes Count="7" Active="Release 32-bit">
      <Item1 Name="Default" Default="True"/>
      <Item2 Name="Debug">
        <CompilerOptions>
          <Version Value="11"/>
          <PathDelim Value="\"/>
          <Target>
            <Filename Value="lazklock"/>
          </Target>
          <SearchPaths>
            <IncludeFiles Value="$(ProjOutDir)"/>
            <UnitOutputDirectory Value="lib\$(TargetCPU)-$(TargetOS)"/>
          </SearchPaths>
          <Parsing>
            <SyntaxOptions>
              <IncludeAssertionCode Value="True"/>
              <AllowLabel Value="False"/>
            </SyntaxOptions>
          </Parsing>
          <CodeGeneration>
            <Checks>
              <IOChecks Value="True"/>
              <RangeChecks Value="True"/>
              <OverflowChecks Value="True"/>
              <StackChecks Value="True"/>
            </Checks>
            <VerifyObjMethodCallValidity Value="True"/>
            <SmallerCode Value="True"/>
          </CodeGeneration>
          <Linking>
            <Debugging>
              <DebugInfoType Value="dsDwarf2Set"/>
              <UseHeaptrc Value="True"/>
              <TrashVariables Value="True"/>
              <UseValgrind Value="True"/>
              <StripSymbols Value="True"/>
              <UseExternalDbgSyms Value="True"/>
            </Debugging>
            <Options>
              <Win32>
                <GraphicApplication Value="True"/>
              </Win32>
            </Options>
          </Linking>
          <Other>
            <Verbosity>
              <ShoLineNum Value="True"/>
              <ShowAll Value="True"/>
              <ShowExecInfo Value="True"/>
              <ShowHintsForUnusedUnitsInMainSrc Value="True"/>
            </Verbosity>
            <CustomOptions Value="-dTEST"/>
            <OtherDefines Count="1">
              <Define0 Value="TEST"/>
            </OtherDefines>
          </Other>
        </CompilerOptions>
      </Item2>
      <Item3 Name="Release">
        <CompilerOptions>
          <Version Value="11"/>
          <PathDelim Value="\"/>
          <Target>
            <Filename Value="lazklock"/>
          </Target>
          <SearchPaths>
            <IncludeFiles Value="$(ProjOutDir)"/>
            <UnitOutputDirectory Value="lib\$(TargetCPU)-$(TargetOS)"/>
          </SearchPaths>
          <Parsing>
            <SyntaxOptions>
              <AllowLabel Value="False"/>
            </SyntaxOptions>
          </Parsing>
          <CodeGeneration>
            <SmartLinkUnit Value="True"/>
            <Optimizations>
              <OptimizationLevel Value="3"/>
            </Optimizations>
            <SmallerCode Value="True"/>
          </CodeGeneration>
          <Linking>
            <Debugging>
              <GenerateDebugInfo Value="False"/>
              <UseValgrind Value="True"/>
              <StripSymbols Value="True"/>
            </Debugging>
            <LinkSmart Value="True"/>
            <Options>
              <Win32>
                <GraphicApplication Value="True"/>
              </Win32>
            </Options>
          </Linking>
          <Other>
            <Verbosity>
              <ShoLineNum Value="True"/>
              <ShowAll Value="True"/>
              <ShowExecInfo Value="True"/>
              <ShowHintsForUnusedUnitsInMainSrc Value="True"/>
            </Verbosity>
          </Other>
        </CompilerOptions>
      </Item3>
      <Item4 Name="Debug 32-bit">
        <CompilerOptions>
          <Version Value="11"/>
          <PathDelim Value="\"/>
          <Target>
            <Filename Value="lazklock_$(BuildMode)"/>
          </Target>
          <SearchPaths>
            <IncludeFiles Value="$(ProjOutDir)"/>
            <UnitOutputDirectory Value="lib\$(TargetCPU)-$(TargetOS)"/>
          </SearchPaths>
          <Parsing>
            <SyntaxOptions>
              <IncludeAssertionCode Value="True"/>
              <AllowLabel Value="False"/>
            </SyntaxOptions>
          </Parsing>
          <CodeGeneration>
            <Checks>
              <IOChecks Value="True"/>
              <RangeChecks Value="True"/>
              <OverflowChecks Value="True"/>
              <StackChecks Value="True"/>
            </Checks>
            <VerifyObjMethodCallValidity Value="True"/>
            <TargetCPU Value="i386"/>
            <TargetOS Value="win32"/>
            <SmallerCode Value="True"/>
          </CodeGeneration>
          <Linking>
            <Debugging>
              <DebugInfoType Value="dsDwarf2Set"/>
              <UseHeaptrc Value="True"/>
              <TrashVariables Value="True"/>
              <UseValgrind Value="True"/>
              <StripSymbols Value="True"/>
              <UseExternalDbgSyms Value="True"/>
            </Debugging>
            <Options>
              <Win32>
                <GraphicApplication Value="True"/>
              </Win32>
            </Options>
          </Linking>
          <Other>
            <Verbosity>
              <ShoLineNum Value="True"/>
              <ShowAll Value="True"/>
              <ShowExecInfo Value="True"/>
              <ShowHintsForUnusedUnitsInMainSrc Value="True"/>
            </Verbosity>
            <CustomOptions Value="-dTEST"/>
            <OtherDefines Count="1">
              <Define0 Value="TEST"/>
            </OtherDefines>
          </Other>
        </CompilerOptions>
      </Item4>
      <Item5 Name="Debug 64-bit">
        <CompilerOptions>
          <Version Value="11"/>
          <PathDelim Value="\"/>
          <Target>
            <Filename Value="lazklock_$(BuildMode)"/>
          </Target>
          <SearchPaths>
            <IncludeFiles Value="$(ProjOutDir)"/>
            <UnitOutputDirectory Value="lib\$(TargetCPU)-$(TargetOS)"/>
          </SearchPaths>
          <Parsing>
            <SyntaxOptions>
              <IncludeAssertionCode Value="True"/>
              <AllowLabel Value="False"/>
            </SyntaxOptions>
          </Parsing>
          <CodeGeneration>
            <Checks>
              <IOChecks Value="True"/>
              <RangeChecks Value="True"/>
              <OverflowChecks Value="True"/>
              <StackChecks Value="True"/>
            </Checks>
            <VerifyObjMethodCallValidity Value="True"/>
            <TargetCPU Value="x86_64"/>
            <TargetOS Value="win64"/>
            <SmallerCode Value="True"/>
          </CodeGeneration>
          <Linking>
            <Debugging>
              <DebugInfoType Value="dsDwarf2Set"/>
              <UseHeaptrc Value="True"/>
              <TrashVariables Value="True"/>
              <UseValgrind Value="True"/>
              <StripSymbols Value="True"/>
              <UseExternalDbgSyms Value="True"/>
            </Debugging>
            <Options>
              <Win32>
                <GraphicApplication Value="True"/>
              </Win32>
            </Options>
          </Linking>
          <Other>
            <Verbosity>
              <ShoLineNum Value="True"/>
              <ShowAll Value="True"/>
              <ShowExecInfo Value="True"/>
              <ShowHintsForUnusedUnitsInMainSrc Value="True"/>
            </Verbosity>
            <CustomOptions Value="-dTEST"/>
            <OtherDefines Count="1">
              <Define0 Value="TEST"/>
            </OtherDefines>
          </Other>
        </CompilerOptions>
      </Item5>
      <Item6 Name="Release 32-bit">
        <CompilerOptions>
          <Version Value="11"/>
          <PathDelim Value="\"/>
          <Target>
            <Filename Value="lazklock_$(BuildMode)"/>
          </Target>
          <SearchPaths>
            <IncludeFiles Value="$(ProjOutDir)"/>
            <UnitOutputDirectory Value="lib\$(TargetCPU)-$(TargetOS)"/>
          </SearchPaths>
          <Parsing>
            <SyntaxOptions>
              <AllowLabel Value="False"/>
            </SyntaxOptions>
          </Parsing>
          <CodeGeneration>
            <SmartLinkUnit Value="True"/>
            <TargetCPU Value="i386"/>
            <TargetOS Value="win32"/>
            <Optimizations>
              <OptimizationLevel Value="3"/>
            </Optimizations>
            <SmallerCode Value="True"/>
          </CodeGeneration>
          <Linking>
            <Debugging>
              <GenerateDebugInfo Value="False"/>
              <UseValgrind Value="True"/>
              <StripSymbols Value="True"/>
            </Debugging>
            <LinkSmart Value="True"/>
            <Options>
              <Win32>
                <GraphicApplication Value="True"/>
              </Win32>
            </Options>
          </Linking>
          <Other>
            <Verbosity>
              <ShoLineNum Value="True"/>
              <ShowAll Value="True"/>
              <ShowExecInfo Value="True"/>
              <ShowHintsForUnusedUnitsInMainSrc Value="True"/>
            </Verbosity>
            <OtherDefines Count="1">
              <Define0 Value="TEST"/>
            </OtherDefines>
          </Other>
        </CompilerOptions>
      </Item6>
      <Item7 Name="Release 64-bit">
        <CompilerOptions>
          <Version Value="11"/>
          <PathDelim Value="\"/>
          <Target>
            <Filename Value="lazklock_$(BuildMode)"/>
          </Target>
          <SearchPaths>
            <IncludeFiles Value="$(ProjOutDir)"/>
            <UnitOutputDirectory Value="lib\$(TargetCPU)-$(TargetOS)"/>
          </SearchPaths>
          <Parsing>
            <SyntaxOptions>
              <AllowLabel Value="False"/>
            </SyntaxOptions>
          </Parsing>
          <CodeGeneration>
            <SmartLinkUnit Value="True"/>
            <TargetCPU Value="x86_64"/>
            <TargetOS Value="win64"/>
            <Optimizations>
              <OptimizationLevel Value="3"/>
            </Optimizations>
            <SmallerCode Value="True"/>
          </CodeGeneration>
          <Linking>
            <Debugging>
              <GenerateDebugInfo Value="False"/>
              <UseValgrind Value="True"/>
              <StripSymbols Value="True"/>
            </Debugging>
            <LinkSmart Value="True"/>
            <Options>
              <Win32>
                <GraphicApplication Value="True"/>
              </Win32>
            </Options>
          </Linking>
          <Other>
            <Verbosity>
              <ShoLineNum Value="True"/>
              <ShowAll Value="True"/>
              <ShowExecInfo Value="True"/>
              <ShowHintsForUnusedUnitsInMainSrc Value="True"/>
            </Verbosity>
            <OtherDefines Count="1">
              <Define0 Value="TEST"/>
            </OtherDefines>
          </Other>
        </CompilerOptions>
      </Item7>
    </BuildModes>
    <PublishOptions>
      <Version Value="2"/>
      <DestinationDirectory Value="D:\My\shed\Projects\pascal\published\lazKlock"/>
    </PublishOptions>
    <RunParams>
      <FormatVersion Value="2"/>
      <Modes Count="1">
        <Mode0 Name="default"/>
      </Modes>
    </RunParams>
    <RequiredPackages Count="12">
      <Item1>
        <PackageName Value="DateTimeCtrls"/>
      </Item1>
      <Item2>
        <PackageName Value="TAChartLazarusPkg"/>
      </Item2>
      <Item3>
        <PackageName Value="PascalTZ"/>
      </Item3>
      <Item4>
        <PackageName Value="tmoon_laz"/>
      </Item4>
      <Item5>
        <PackageName Value="dcpcrypt"/>
      </Item5>
      <Item6>
        <PackageName Value="laz_visualplanit"/>
      </Item6>
      <Item7>
        <PackageName Value="bgracontrols"/>
      </Item7>
      <Item8>
        <PackageName Value="eccontrols"/>
      </Item8>
      <Item9>
        <PackageName Value="LazControls"/>
      </Item9>
      <Item10>
        <PackageName Value="RunTimeTypeInfoControls"/>
        <MinVersion Minor="1" Valid="True"/>
      </Item10>
      <Item11>
        <PackageName Value="SynEdit"/>
        <MinVersion Major="1" Valid="True"/>
      </Item11>
      <Item12>
        <PackageName Value="LCL"/>
      </Item12>
    </RequiredPackages>
    <Units Count="78">
      <Unit0>
        <Filename Value="klock.lpr"/>
        <IsPartOfProject Value="True"/>
        <EditorIndex Value="-1"/>
        <CursorPos X="46" Y="12"/>
        <UsageCount Value="202"/>
      </Unit0>
      <Unit1>
        <Filename Value="formKlock.pas"/>
        <IsPartOfProject Value="True"/>
        <ComponentName Value="frmMain"/>
        <HasResources Value="True"/>
        <ResourceBaseClass Value="Form"/>
        <UnitName Value="formklock"/>
        <TopLine Value="13"/>
        <CursorPos X="94" Y="36"/>
        <UsageCount Value="202"/>
        <Loaded Value="True"/>
        <LoadedDesigner Value="True"/>
      </Unit1>
      <Unit2>
        <Filename Value="info.txt"/>
        <CursorPos X="16" Y="2"/>
        <UsageCount Value="145"/>
        <DefaultSyntaxHighlighter Value="None"/>
      </Unit2>
      <Unit3>
        <Filename Value="formAbout.pas"/>
        <IsPartOfProject Value="True"/>
        <ComponentName Value="frmAbout"/>
        <HasResources Value="True"/>
        <ResourceBaseClass Value="Form"/>
        <EditorIndex Value="-1"/>
        <TopLine Value="21"/>
        <CursorPos Y="39"/>
        <UsageCount Value="200"/>
      </Unit3>
      <Unit4>
        <Filename Value="formHelp.pas"/>
        <ComponentName Value="frmHelp"/>
        <HasResources Value="True"/>
        <ResourceBaseClass Value="Form"/>
        <EditorIndex Value="-1"/>
        <CursorPos X="64" Y="20"/>
        <UsageCount Value="170"/>
      </Unit4>
      <Unit5>
        <Filename Value="formOptions.pas"/>
        <IsPartOfProject Value="True"/>
        <ComponentName Value="frmOptions"/>
        <HasResources Value="True"/>
        <ResourceBaseClass Value="Form"/>
        <EditorIndex Value="-1"/>
        <TopLine Value="200"/>
        <CursorPos X="114" Y="204"/>
        <UsageCount Value="200"/>
      </Unit5>
      <Unit6>
        <Filename Value="C:\lazarus\lcl\comctrls.pp"/>
        <UnitName Value="ComCtrls"/>
        <TopLine Value="790"/>
        <CursorPos X="3" Y="559"/>
        <UsageCount Value="6"/>
      </Unit6>
      <Unit7>
        <Filename Value="ucountdown.pas"/>
        <UnitName Value="Ucountdown"/>
        <CursorPos Y="12"/>
        <UsageCount Value="6"/>
      </Unit7>
      <Unit8>
        <Filename Value="C:\lazarus\lcl\lclclasses.pp"/>
        <UnitName Value="LCLClasses"/>
        <TopLine Value="74"/>
        <CursorPos Y="94"/>
        <UsageCount Value="6"/>
      </Unit8>
      <Unit9>
        <Filename Value="ufuzzytime.pas"/>
        <IsPartOfProject Value="True"/>
        <UnitName Value="UFuzzyTime"/>
        <EditorIndex Value="-1"/>
        <TopLine Value="45"/>
        <CursorPos X="92" Y="77"/>
        <UsageCount Value="200"/>
      </Unit9>
      <Unit10>
        <Filename Value="uoptionsrecord.pas"/>
        <UnitName Value="UOptionsRecord"/>
        <CursorPos Y="25"/>
        <UsageCount Value="7"/>
      </Unit10>
      <Unit11>
        <Filename Value="formlicense.pas"/>
        <IsPartOfProject Value="True"/>
        <ComponentName Value="frmLicense"/>
        <HasResources Value="True"/>
        <ResourceBaseClass Value="Form"/>
        <UnitName Value="formLicense"/>
        <EditorIndex Value="-1"/>
        <TopLine Value="39"/>
        <CursorPos X="3" Y="54"/>
        <UsageCount Value="200"/>
      </Unit11>
      <Unit12>
        <Filename Value="uklockutils.pas"/>
        <IsPartOfProject Value="True"/>
        <UnitName Value="UKlockUtils"/>
        <EditorIndex Value="-1"/>
        <TopLine Value="608"/>
        <CursorPos X="75" Y="622"/>
        <UsageCount Value="200"/>
      </Unit12>
      <Unit13>
        <Filename Value="formreminderinput.pas"/>
        <ComponentName Value="frmReminderInput"/>
        <HasResources Value="True"/>
        <ResourceBaseClass Value="Form"/>
        <UnitName Value="formReminderInput"/>
        <EditorIndex Value="-1"/>
        <CursorPos Y="4"/>
        <UsageCount Value="189"/>
      </Unit13>
      <Unit14>
        <Filename Value="uoptions.pas"/>
        <IsPartOfProject Value="True"/>
        <UnitName Value="uOptions"/>
        <EditorIndex Value="-1"/>
        <TopLine Value="1240"/>
        <CursorPos Y="1258"/>
        <UsageCount Value="202"/>
      </Unit14>
      <Unit15>
        <Filename Value="uoptionsutils.pas"/>
        <UnitName Value="uOptionsUtils"/>
        <EditorIndex Value="-1"/>
        <CursorPos X="6" Y="17"/>
        <UsageCount Value="37"/>
      </Unit15>
      <Unit16>
        <Filename Value="formanalogueklock.pas"/>
        <IsPartOfProject Value="True"/>
        <ComponentName Value="frmAnalogueKlock"/>
        <HasResources Value="True"/>
        <ResourceBaseClass Value="Form"/>
        <UnitName Value="formAnalogueKlock"/>
        <EditorIndex Value="-1"/>
        <TopLine Value="189"/>
        <CursorPos X="65" Y="219"/>
        <UsageCount Value="200"/>
      </Unit16>
      <Unit17>
        <Filename Value="ufonts.pas"/>
        <IsPartOfProject Value="True"/>
        <UnitName Value="uFonts"/>
        <EditorIndex Value="-1"/>
        <TopLine Value="135"/>
        <CursorPos Y="140"/>
        <UsageCount Value="200"/>
      </Unit17>
      <Unit18>
        <Filename Value="uloggerutils.pas"/>
        <UnitName Value="uLoggerUtils"/>
        <EditorIndex Value="-1"/>
        <CursorPos X="9" Y="85"/>
        <UsageCount Value="3"/>
      </Unit18>
      <Unit19>
        <Filename Value="ulogging.pas"/>
        <IsPartOfProject Value="True"/>
        <UnitName Value="ULogging"/>
        <EditorIndex Value="-1"/>
        <TopLine Value="60"/>
        <CursorPos Y="78"/>
        <UsageCount Value="205"/>
      </Unit19>
      <Unit20>
        <Filename Value="uformclipboardutils.pas"/>
        <IsPartOfProject Value="True"/>
        <UnitName Value="UformClipBoardUtils"/>
        <EditorIndex Value="-1"/>
        <TopLine Value="221"/>
        <CursorPos X="24" Y="239"/>
        <UsageCount Value="200"/>
      </Unit20>
      <Unit21>
        <Filename Value="formclipboard.pas"/>
        <IsPartOfProject Value="True"/>
        <ComponentName Value="frmClipBoard"/>
        <HasResources Value="True"/>
        <ResourceBaseClass Value="Form"/>
        <UnitName Value="formClipBoard"/>
        <EditorIndex Value="-1"/>
        <TopLine Value="23"/>
        <CursorPos X="42" Y="41"/>
        <UsageCount Value="200"/>
      </Unit21>
      <Unit22>
        <Filename Value="uinfoutils.pas"/>
        <IsPartOfProject Value="True"/>
        <UnitName Value="uInfoUtils"/>
        <EditorIndex Value="-1"/>
        <TopLine Value="43"/>
        <CursorPos X="11" Y="332"/>
        <UsageCount Value="200"/>
      </Unit22>
      <Unit23>
        <Filename Value="forminfo.pas"/>
        <IsPartOfProject Value="True"/>
        <ComponentName Value="frmInfo"/>
        <HasResources Value="True"/>
        <ResourceBaseClass Value="Form"/>
        <UnitName Value="formInfo"/>
        <EditorIndex Value="-1"/>
        <TopLine Value="86"/>
        <CursorPos Y="107"/>
        <UsageCount Value="200"/>
      </Unit23>
      <Unit24>
        <Filename Value="C:\lazarus64\fpc\3.0.4\source\rtl\win\sysutils.pp"/>
        <EditorIndex Value="-1"/>
        <TopLine Value="601"/>
        <CursorPos X="3" Y="578"/>
        <UsageCount Value="5"/>
      </Unit24>
      <Unit25>
        <Filename Value="C:\lazarus64\fpc\3.0.4\source\rtl\win64\windows.pp"/>
        <EditorIndex Value="-1"/>
        <CursorPos X="15" Y="12"/>
        <UsageCount Value="3"/>
      </Unit25>
      <Unit26>
        <Filename Value="formledklock.pas"/>
        <IsPartOfProject Value="True"/>
        <ComponentName Value="frmLEDKlock"/>
        <HasResources Value="True"/>
        <ResourceBaseClass Value="Form"/>
        <UnitName Value="formLEDKlock"/>
        <EditorIndex Value="4"/>
        <TopLine Value="153"/>
        <CursorPos X="62" Y="175"/>
        <UsageCount Value="200"/>
        <Loaded Value="True"/>
        <LoadedDesigner Value="True"/>
      </Unit26>
      <Unit27>
        <Filename Value="formbinaryklock.pas"/>
        <IsPartOfProject Value="True"/>
        <ComponentName Value="frmBinaryKlock"/>
        <HasResources Value="True"/>
        <ResourceBaseClass Value="Form"/>
        <UnitName Value="formBinaryKlock"/>
        <EditorIndex Value="3"/>
        <TopLine Value="253"/>
        <CursorPos X="62" Y="271"/>
        <UsageCount Value="200"/>
        <Loaded Value="True"/>
        <LoadedDesigner Value="True"/>
      </Unit27>
      <Unit28>
        <Filename Value="formsmalltextklock.pas"/>
        <IsPartOfProject Value="True"/>
        <ComponentName Value="frmSmallTextKlock"/>
        <HasResources Value="True"/>
        <ResourceBaseClass Value="Form"/>
        <UnitName Value="formSmallTextKlock"/>
        <IsVisibleTab Value="True"/>
        <EditorIndex Value="6"/>
        <TopLine Value="244"/>
        <CursorPos X="62" Y="291"/>
        <UsageCount Value="201"/>
        <Loaded Value="True"/>
        <LoadedDesigner Value="True"/>
      </Unit28>
      <Unit29>
        <Filename Value="C:\lazarus64\fpc\3.0.4\source\rtl\objpas\sysutils\datih.inc"/>
        <EditorIndex Value="-1"/>
        <TopLine Value="88"/>
        <CursorPos X="47" Y="122"/>
        <UsageCount Value="6"/>
      </Unit29>
      <Unit30>
        <Filename Value="uconversion.pas"/>
        <IsPartOfProject Value="True"/>
        <UnitName Value="UConversion"/>
        <EditorIndex Value="-1"/>
        <CursorPos X="3" Y="127"/>
        <UsageCount Value="200"/>
      </Unit30>
      <Unit31>
        <Filename Value="C:\lazarus64\fpc\3.0.4\source\rtl\objpas\sysutils\sysstrh.inc"/>
        <EditorIndex Value="-1"/>
        <TopLine Value="161"/>
        <CursorPos X="10" Y="180"/>
        <UsageCount Value="1"/>
      </Unit31>
      <Unit32>
        <Filename Value="ustickynotes.pas"/>
        <IsPartOfProject Value="True"/>
        <UnitName Value="ustickyNotes"/>
        <EditorIndex Value="-1"/>
        <TopLine Value="189"/>
        <CursorPos Y="207"/>
        <UsageCount Value="201"/>
      </Unit32>
      <Unit33>
        <Filename Value="ustickynote.pas"/>
        <IsPartOfProject Value="True"/>
        <UnitName Value="ustickyNote"/>
        <EditorIndex Value="-1"/>
        <TopLine Value="70"/>
        <CursorPos Y="11"/>
        <UsageCount Value="201"/>
      </Unit33>
      <Unit34>
        <Filename Value="formstickynote.pas"/>
        <IsPartOfProject Value="True"/>
        <ComponentName Value="frmStickyNote"/>
        <HasResources Value="True"/>
        <ResourceBaseClass Value="Form"/>
        <UnitName Value="formStickyNote"/>
        <EditorIndex Value="-1"/>
        <TopLine Value="46"/>
        <CursorPos X="3" Y="75"/>
        <UsageCount Value="201"/>
      </Unit34>
      <Unit35>
        <Filename Value="C:\lazarus64\lcl\stdctrls.pp"/>
        <UnitName Value="StdCtrls"/>
        <EditorIndex Value="-1"/>
        <TopLine Value="941"/>
        <CursorPos X="45" Y="963"/>
        <UsageCount Value="3"/>
      </Unit35>
      <Unit36>
        <Filename Value="umemo.pas"/>
        <IsPartOfProject Value="True"/>
        <UnitName Value="uMemo"/>
        <EditorIndex Value="-1"/>
        <TopLine Value="64"/>
        <CursorPos X="71" Y="98"/>
        <UsageCount Value="200"/>
      </Unit36>
      <Unit37>
        <Filename Value="umemos.pas"/>
        <IsPartOfProject Value="True"/>
        <UnitName Value="uMemos"/>
        <EditorIndex Value="-1"/>
        <TopLine Value="113"/>
        <CursorPos X="39" Y="140"/>
        <UsageCount Value="200"/>
      </Unit37>
      <Unit38>
        <Filename Value="C:\Users\keleven\AppData\Local\lazarus\onlinepackagemanager\packages\bgracontrols-master\bcsvgviewer.pas"/>
        <UnitName Value="BCSVGViewer"/>
        <EditorIndex Value="-1"/>
        <TopLine Value="142"/>
        <CursorPos X="40" Y="161"/>
        <UsageCount Value="7"/>
        <DefaultSyntaxHighlighter Value="Delphi"/>
      </Unit38>
      <Unit39>
        <Filename Value="uarchiveutils.pas"/>
        <IsPartOfProject Value="True"/>
        <UnitName Value="uArchiveUtils"/>
        <EditorIndex Value="-1"/>
        <CursorPos X="52" Y="3"/>
        <UsageCount Value="200"/>
      </Unit39>
      <Unit40>
        <Filename Value="formfloatingklock.pas"/>
        <IsPartOfProject Value="True"/>
        <ComponentName Value="frmFloatingKlock"/>
        <HasResources Value="True"/>
        <ResourceBaseClass Value="Form"/>
        <UnitName Value="formFloatingKlock"/>
        <EditorIndex Value="-1"/>
        <TopLine Value="96"/>
        <CursorPos X="24" Y="125"/>
        <UsageCount Value="200"/>
      </Unit40>
      <Unit41>
        <Filename Value="C:\Users\keleven\AppData\Local\lazarus\onlinepackagemanager\packages\delphimoon\moon.pas"/>
        <EditorIndex Value="-1"/>
        <TopLine Value="7"/>
        <CursorPos X="13" Y="26"/>
        <UsageCount Value="2"/>
        <DefaultSyntaxHighlighter Value="Delphi"/>
      </Unit41>
      <Unit42>
        <Filename Value="C:\lazarus64\lcl\clipbrd.pp"/>
        <UnitName Value="Clipbrd"/>
        <EditorIndex Value="-1"/>
        <TopLine Value="135"/>
        <CursorPos X="10" Y="155"/>
        <UsageCount Value="3"/>
      </Unit42>
      <Unit43>
        <Filename Value="C:\lazarus64\lcl\lcltype.pp"/>
        <UnitName Value="LCLType"/>
        <EditorIndex Value="-1"/>
        <TopLine Value="2689"/>
        <CursorPos X="3" Y="2695"/>
        <UsageCount Value="3"/>
      </Unit43>
      <Unit44>
        <Filename Value="C:\lazarus64\lcl\include\clipbrd.inc"/>
        <EditorIndex Value="-1"/>
        <TopLine Value="561"/>
        <CursorPos X="33" Y="564"/>
        <UsageCount Value="3"/>
      </Unit44>
      <Unit45>
        <Filename Value="C:\lazarus64\lcl\forms.pp"/>
        <UnitName Value="Forms"/>
        <EditorIndex Value="-1"/>
        <TopLine Value="1799"/>
        <CursorPos X="3" Y="1818"/>
        <UsageCount Value="4"/>
      </Unit45>
      <Unit46>
        <Filename Value="formsplashscreen.pas"/>
        <IsPartOfProject Value="True"/>
        <ComponentName Value="frmSplashScreen"/>
        <HasResources Value="True"/>
        <ResourceBaseClass Value="Form"/>
        <UnitName Value="formSplashScreen"/>
        <EditorIndex Value="-1"/>
        <TopLine Value="18"/>
        <CursorPos X="19" Y="46"/>
        <UsageCount Value="209"/>
      </Unit46>
      <Unit47>
        <Filename Value="C:\Users\keleven\AppData\Local\lazarus\onlinepackagemanager\packages\bgracontrols-master\mouseandkeyinput\mouseandkeyinput.pas"/>
        <UnitName Value="MouseAndKeyInput"/>
        <EditorIndex Value="-1"/>
        <UsageCount Value="7"/>
        <DefaultSyntaxHighlighter Value="Delphi"/>
      </Unit47>
      <Unit48>
        <Filename Value="C:\Users\keleven\AppData\Local\lazarus\onlinepackagemanager\packages\bgracontrols-master\mouseandkeyinput\keyinputintf.pas"/>
        <UnitName Value="KeyInputIntf"/>
        <EditorIndex Value="-1"/>
        <TopLine Value="43"/>
        <CursorPos X="15" Y="40"/>
        <UsageCount Value="5"/>
        <DefaultSyntaxHighlighter Value="Delphi"/>
      </Unit48>
      <Unit49>
        <Filename Value="C:\lazarus64\fpc\3.0.4\source\rtl\objpas\sysutils\diskh.inc"/>
        <EditorIndex Value="-1"/>
        <CursorPos X="16" Y="16"/>
        <UsageCount Value="5"/>
      </Unit49>
      <Unit50>
        <Filename Value="..\..\fpcsrc\rtl\objpas\sysutils\datih.inc"/>
        <EditorIndex Value="-1"/>
        <TopLine Value="106"/>
        <CursorPos X="29" Y="112"/>
        <UsageCount Value="7"/>
      </Unit50>
      <Unit51>
        <Filename Value="..\..\fpcsrc\rtl\win\wininc\redef.inc"/>
        <EditorIndex Value="-1"/>
        <TopLine Value="1005"/>
        <CursorPos X="17" Y="1025"/>
        <UsageCount Value="6"/>
      </Unit51>
      <Unit52>
        <Filename Value="C:\lazarus64\lcl\controls.pp"/>
        <UnitName Value="Controls"/>
        <EditorIndex Value="-1"/>
        <TopLine Value="1625"/>
        <CursorPos X="14" Y="1698"/>
        <UsageCount Value="6"/>
      </Unit52>
      <Unit53>
        <Filename Value="formbiorhythm.pas"/>
        <IsPartOfProject Value="True"/>
        <ComponentName Value="frmBiorhythm"/>
        <HasResources Value="True"/>
        <ResourceBaseClass Value="Form"/>
        <UnitName Value="formBiorhythm"/>
        <EditorIndex Value="-1"/>
        <TopLine Value="54"/>
        <CursorPos Y="30"/>
        <UsageCount Value="200"/>
      </Unit53>
      <Unit54>
        <Filename Value="uevent.pas"/>
        <IsPartOfProject Value="True"/>
        <UnitName Value="uEvent"/>
        <EditorIndex Value="1"/>
        <TopLine Value="42"/>
        <CursorPos Y="64"/>
        <UsageCount Value="201"/>
        <Loaded Value="True"/>
      </Unit54>
      <Unit55>
        <Filename Value="uevents.pas"/>
        <IsPartOfProject Value="True"/>
        <UnitName Value="uEvents"/>
        <EditorIndex Value="2"/>
        <TopLine Value="545"/>
        <CursorPos Y="573"/>
        <UsageCount Value="201"/>
        <Loaded Value="True"/>
      </Unit55>
      <Unit56>
        <Filename Value="..\..\..\newpascal\lazarus\lcl\include\messagedialogs.inc"/>
        <EditorIndex Value="-1"/>
        <TopLine Value="188"/>
        <CursorPos X="11" Y="206"/>
        <UsageCount Value="7"/>
      </Unit56>
      <Unit57>
        <Filename Value="formevent.pas"/>
        <IsPartOfProject Value="True"/>
        <ComponentName Value="frmEvent"/>
        <HasResources Value="True"/>
        <ResourceBaseClass Value="Form"/>
        <UnitName Value="formEvent"/>
        <EditorIndex Value="7"/>
        <TopLine Value="113"/>
        <CursorPos Y="73"/>
        <UsageCount Value="202"/>
        <Loaded Value="True"/>
        <LoadedDesigner Value="True"/>
      </Unit57>
      <Unit58>
        <Filename Value="C:\lazarus64\fpc\3.0.4\source\packages\rtl-objpas\src\inc\dateutil.inc"/>
        <EditorIndex Value="-1"/>
        <TopLine Value="238"/>
        <CursorPos X="10" Y="259"/>
        <UsageCount Value="2"/>
      </Unit58>
      <Unit59>
        <Filename Value="ufriend.pas"/>
        <IsPartOfProject Value="True"/>
        <UnitName Value="uFriend"/>
        <EditorIndex Value="-1"/>
        <TopLine Value="228"/>
        <CursorPos Y="246"/>
        <UsageCount Value="164"/>
      </Unit59>
      <Unit60>
        <Filename Value="ufriends.pas"/>
        <IsPartOfProject Value="True"/>
        <UnitName Value="uFriends"/>
        <EditorIndex Value="-1"/>
        <TopLine Value="121"/>
        <CursorPos Y="4"/>
        <UsageCount Value="161"/>
      </Unit60>
      <Unit61>
        <Filename Value="formfriendsinput.pas"/>
        <IsPartOfProject Value="True"/>
        <ComponentName Value="frmFriendsInput"/>
        <HasResources Value="True"/>
        <ResourceBaseClass Value="Form"/>
        <UnitName Value="formFriendsInput"/>
        <EditorIndex Value="-1"/>
        <TopLine Value="120"/>
        <CursorPos X="29" Y="148"/>
        <UsageCount Value="159"/>
      </Unit61>
      <Unit62>
        <Filename Value="formtimepositions.pas"/>
        <IsPartOfProject Value="True"/>
        <ComponentName Value="frmTimePositions"/>
        <HasResources Value="True"/>
        <ResourceBaseClass Value="Form"/>
        <UnitName Value="formTimePositions"/>
        <EditorIndex Value="-1"/>
        <CursorPos X="37" Y="90"/>
        <UsageCount Value="126"/>
      </Unit62>
      <Unit63>
        <Filename Value="C:\lazarus64\fpc\3.0.4\source\packages\winunits-base\src\comobj.pp"/>
        <EditorIndex Value="-1"/>
        <TopLine Value="546"/>
        <CursorPos X="17" Y="567"/>
        <UsageCount Value="5"/>
      </Unit63>
      <Unit64>
        <Filename Value="C:\lazarus64\fpc\3.0.4\source\packages\winunits-base\src\activex.pp"/>
        <UnitName Value="ActiveX"/>
        <EditorIndex Value="-1"/>
        <TopLine Value="4460"/>
        <CursorPos X="12" Y="4480"/>
        <UsageCount Value="5"/>
      </Unit64>
      <Unit65>
        <Filename Value="C:\lazarus64\components\lazutils\lazfileutils.pas"/>
        <UnitName Value="LazFileUtils"/>
        <EditorIndex Value="-1"/>
        <TopLine Value="49"/>
        <CursorPos X="10" Y="70"/>
        <UsageCount Value="6"/>
      </Unit65>
      <Unit66>
        <Filename Value="C:\lazarus64\fpc\3.0.4\source\rtl\win\wininc\defines.inc"/>
        <EditorIndex Value="-1"/>
        <TopLine Value="2389"/>
        <CursorPos X="13" Y="2407"/>
        <UsageCount Value="7"/>
      </Unit66>
      <Unit67>
        <Filename Value="C:\lazarus64\fpc\3.0.4\source\rtl\win\wininc\messages.inc"/>
        <EditorIndex Value="-1"/>
        <TopLine Value="1008"/>
        <CursorPos X="6" Y="1029"/>
        <UsageCount Value="7"/>
      </Unit67>
      <Unit68>
        <Filename Value="C:\lazarus64\fpc\3.0.4\source\rtl\win\wininc\base.inc"/>
        <EditorIndex Value="-1"/>
        <TopLine Value="629"/>
        <CursorPos X="6" Y="650"/>
        <UsageCount Value="6"/>
      </Unit68>
      <Unit69>
        <Filename Value="uweddinganniversary.pas"/>
        <IsPartOfProject Value="True"/>
        <UnitName Value="uweddingAnniversary"/>
        <EditorIndex Value="-1"/>
        <CursorPos X="24" Y="19"/>
        <UsageCount Value="91"/>
      </Unit69>
      <Unit70>
        <Filename Value="C:\lazarus\fpc\3.0.4\source\rtl\win\wininc\ascdef.inc"/>
        <EditorIndex Value="-1"/>
        <TopLine Value="161"/>
        <CursorPos X="10" Y="183"/>
        <UsageCount Value="7"/>
      </Unit70>
      <Unit71>
        <Filename Value="C:\lazarus\fpc\3.0.4\source\rtl\win\wininc\defines.inc"/>
        <EditorIndex Value="-1"/>
        <TopLine Value="2292"/>
        <CursorPos X="6" Y="2311"/>
        <UsageCount Value="7"/>
      </Unit71>
      <Unit72>
        <Filename Value="C:\lazarus\fpc\3.0.4\source\rtl\win\wininc\messages.inc"/>
        <EditorIndex Value="-1"/>
        <TopLine Value="995"/>
        <CursorPos X="6" Y="1014"/>
        <UsageCount Value="7"/>
      </Unit72>
      <Unit73>
        <Filename Value="C:\lazarus\lcl\include\customform.inc"/>
        <EditorIndex Value="-1"/>
        <TopLine Value="13"/>
        <CursorPos X="33" Y="25"/>
        <UsageCount Value="22"/>
      </Unit73>
      <Unit74>
        <Filename Value="C:\lazarus\lcl\forms.pp"/>
        <UnitName Value="Forms"/>
        <EditorIndex Value="-1"/>
        <TopLine Value="1986"/>
        <CursorPos X="104" Y="2027"/>
        <UsageCount Value="10"/>
      </Unit74>
      <Unit75>
        <Filename Value="formscrollingklock.pas"/>
        <IsPartOfProject Value="True"/>
        <ComponentName Value="frmScrollingKlock"/>
        <HasResources Value="True"/>
        <ResourceBaseClass Value="Form"/>
        <UnitName Value="formScrollingKlock"/>
        <EditorIndex Value="5"/>
        <TopLine Value="278"/>
        <CursorPos Y="302"/>
        <UsageCount Value="80"/>
        <Loaded Value="True"/>
        <LoadedDesigner Value="True"/>
      </Unit75>
      <Unit76>
        <Filename Value="C:\lazarus\lcl\include\application.inc"/>
        <EditorIndex Value="-1"/>
        <TopLine Value="1378"/>
        <CursorPos Y="1397"/>
        <UsageCount Value="8"/>
      </Unit76>
      <Unit77>
        <Filename Value="C:\lazarus\lcl\include\wincontrol.inc"/>
        <EditorIndex Value="-1"/>
        <TopLine Value="7425"/>
        <CursorPos Y="7443"/>
        <UsageCount Value="7"/>
      </Unit77>
    </Units>
    <OtherDefines Count="1">
      <Define0 Value="TEST"/>
    </OtherDefines>
    <JumpHistory Count="27" HistoryIndex="26">
      <Position1>
        <Filename Value="uevent.pas"/>
        <Caret Line="227" Column="77" TopLine="207"/>
      </Position1>
      <Position2>
        <Filename Value="uevent.pas"/>
        <Caret Line="218" Column="28" TopLine="202"/>
      </Position2>
      <Position3>
        <Filename Value="formKlock.pas"/>
        <Caret Line="737" Column="18" TopLine="726"/>
      </Position3>
      <Position4>
        <Filename Value="formKlock.pas"/>
        <Caret Line="748" Column="16" TopLine="727"/>
      </Position4>
      <Position5>
        <Filename Value="formKlock.pas"/>
        <Caret Line="742" Column="17" TopLine="726"/>
      </Position5>
      <Position6>
        <Filename Value="formKlock.pas"/>
        <Caret Line="345" Column="25" TopLine="327"/>
      </Position6>
      <Position7>
        <Filename Value="uevent.pas"/>
        <Caret Line="142" Column="41" TopLine="127"/>
      </Position7>
      <Position8>
        <Filename Value="uevent.pas"/>
        <Caret Line="104" Column="14" TopLine="91"/>
      </Position8>
      <Position9>
        <Filename Value="uevent.pas"/>
        <Caret Line="162" Column="14" TopLine="147"/>
      </Position9>
      <Position10>
        <Filename Value="formKlock.pas"/>
        <Caret Line="1981" TopLine="1962"/>
      </Position10>
      <Position11>
        <Filename Value="uevent.pas"/>
        <Caret Line="176" Column="62" TopLine="141"/>
      </Position11>
      <Position12>
        <Filename Value="uevent.pas"/>
        <Caret Line="50" Column="5" TopLine="30"/>
      </Position12>
      <Position13>
        <Filename Value="formKlock.pas"/>
        <Caret Line="2069" Column="90" TopLine="2059"/>
      </Position13>
      <Position14>
        <Filename Value="formKlock.pas"/>
        <Caret Line="2066" Column="78" TopLine="2058"/>
      </Position14>
      <Position15>
        <Filename Value="uevents.pas"/>
        <Caret Line="144" Column="109" TopLine="140"/>
      </Position15>
      <Position16>
        <Filename Value="uevents.pas"/>
        <Caret Line="165" Column="18" TopLine="148"/>
      </Position16>
      <Position17>
        <Filename Value="formKlock.pas"/>
        <Caret Line="2076" Column="63" TopLine="2058"/>
      </Position17>
      <Position18>
        <Filename Value="formscrollingklock.pas"/>
        <Caret Line="228" Column="33" TopLine="206"/>
      </Position18>
      <Position19>
        <Filename Value="uevent.pas"/>
        <Caret Line="249" TopLine="222"/>
      </Position19>
      <Position20>
        <Filename Value="uevent.pas"/>
        <Caret Line="250" Column="92" TopLine="223"/>
      </Position20>
      <Position21>
        <Filename Value="uevent.pas"/>
        <Caret Line="232" Column="96" TopLine="213"/>
      </Position21>
      <Position22>
        <Filename Value="formKlock.pas"/>
        <Caret Line="1975" Column="49" TopLine="1963"/>
      </Position22>
      <Position23>
        <Filename Value="formKlock.pas"/>
        <Caret Line="1978" Column="60" TopLine="1957"/>
      </Position23>
      <Position24>
        <Filename Value="formKlock.pas"/>
        <Caret Line="1919" Column="83" TopLine="1899"/>
      </Position24>
      <Position25>
        <Filename Value="formKlock.pas"/>
        <Caret Line="38" TopLine="13"/>
      </Position25>
      <Position26>
        <Filename Value="formKlock.pas"/>
        <Caret Line="399" Column="25" TopLine="392"/>
      </Position26>
      <Position27>
        <Filename Value="uevents.pas"/>
        <Caret Line="97" TopLine="75"/>
      </Position27>
    </JumpHistory>
  </ProjectOptions>
  <CompilerOptions>
    <Version Value="11"/>
    <PathDelim Value="\"/>
    <Target>
      <Filename Value="lazklock"/>
    </Target>
    <SearchPaths>
      <IncludeFiles Value="$(ProjOutDir)"/>
      <UnitOutputDirectory Value="lib\$(TargetCPU)-$(TargetOS)"/>
    </SearchPaths>
    <Parsing>
      <SyntaxOptions>
        <IncludeAssertionCode Value="True"/>
        <AllowLabel Value="False"/>
      </SyntaxOptions>
    </Parsing>
    <CodeGeneration>
      <SmartLinkUnit Value="True"/>
      <Checks>
        <IOChecks Value="True"/>
        <RangeChecks Value="True"/>
        <OverflowChecks Value="True"/>
        <StackChecks Value="True"/>
      </Checks>
      <VerifyObjMethodCallValidity Value="True"/>
      <Optimizations>
        <OptimizationLevel Value="2"/>
      </Optimizations>
      <SmallerCode Value="True"/>
    </CodeGeneration>
    <Linking>
      <Debugging>
        <GenerateDebugInfo Value="False"/>
        <UseValgrind Value="True"/>
        <StripSymbols Value="True"/>
        <UseExternalDbgSyms Value="True"/>
      </Debugging>
      <LinkSmart Value="True"/>
      <Options>
        <Win32>
          <GraphicApplication Value="True"/>
        </Win32>
      </Options>
    </Linking>
    <Other>
      <Verbosity>
        <ShoLineNum Value="True"/>
        <ShowAll Value="True"/>
        <ShowExecInfo Value="True"/>
        <ShowHintsForUnusedUnitsInMainSrc Value="True"/>
      </Verbosity>
      <CustomOptions Value="-dTEST"/>
      <OtherDefines Count="1">
        <Define0 Value="TEST"/>
      </OtherDefines>
    </Other>
  </CompilerOptions>
  <Debugging>
    <Exceptions Count="5">
      <Item1>
        <Name Value="EAbort"/>
      </Item1>
      <Item2>
        <Name Value="ECodetoolError"/>
      </Item2>
      <Item3>
        <Name Value="EFOpenError"/>
      </Item3>
      <Item4>
        <Name Value="ERangeError"/>
      </Item4>
      <Item5>
        <Name Value="RunError(201)"/>
      </Item5>
    </Exceptions>
  </Debugging>
</CONFIG>
