<?xml version="1.0" encoding="UTF-8"?>
<CONFIG>
  <ProjectOptions>
    <Version Value="10"/>
    <PathDelim Value="\"/>
    <General>
      <MainUnit Value="0"/>
      <Title Value="lazKlock"/>
      <ResourceType Value="res"/>
      <UseXPManifest Value="True"/>
      <Icon Value="0"/>
    </General>
    <i18n>
      <EnableI18N LFM="False"/>
    </i18n>
    <VersionInfo>
      <UseVersionInfo Value="True"/>
      <MajorVersionNr Value="2"/>
      <MinorVersionNr Value="2"/>
      <RevisionNr Value="3"/>
      <BuildNr Value="74"/>
      <Language Value="0809"/>
      <StringTable Comments="conatct :: lazKlock&lt;at>keleven.co.uk" CompanyName="www.keleven.co.uk" FileDescription="A timing thingy - the clock with a K" InternalName="lazklock" LegalCopyright="(c) kevin Scott 2012 - 2018" OriginalFilename="klock.exe" ProductName="lazklock" ProductVersion="74"/>
    </VersionInfo>
    <BuildModes Count="1" Active="Default">
      <Item1 Name="Default" Default="True"/>
    </BuildModes>
    <PublishOptions>
      <Version Value="2"/>
      <DestinationDirectory Value="C:\tmp\klock"/>
      <IncludeFileFilter Value="*.(pas|pp|inc|lfm|lpr|lrs|lpi|lpk|sh|xml)"/>
      <ExcludeFileFilter Value="*.(bak|ppu|o|so);*~;backup"/>
    </PublishOptions>
    <RunParams>
      <local>
        <FormatVersion Value="1"/>
      </local>
    </RunParams>
    <RequiredPackages Count="10">
      <Item1>
        <PackageName Value="PascalTZ"/>
      </Item1>
      <Item2>
        <PackageName Value="tmoon_laz"/>
      </Item2>
      <Item3>
        <PackageName Value="dcpcrypt"/>
      </Item3>
      <Item4>
        <PackageName Value="laz_visualplanit"/>
      </Item4>
      <Item5>
        <PackageName Value="bgracontrols"/>
      </Item5>
      <Item6>
        <PackageName Value="eccontrols"/>
      </Item6>
      <Item7>
        <PackageName Value="LazControls"/>
      </Item7>
      <Item8>
        <PackageName Value="RunTimeTypeInfoControls"/>
        <MinVersion Minor="1" Valid="True"/>
      </Item8>
      <Item9>
        <PackageName Value="SynEdit"/>
        <MinVersion Major="1" Valid="True"/>
      </Item9>
      <Item10>
        <PackageName Value="LCL"/>
      </Item10>
    </RequiredPackages>
    <Units Count="46">
      <Unit0>
        <Filename Value="klock.lpr"/>
        <IsPartOfProject Value="True"/>
        <EditorIndex Value="-1"/>
        <CursorPos Y="35"/>
        <UsageCount Value="202"/>
      </Unit0>
      <Unit1>
        <Filename Value="formKlock.pas"/>
        <IsPartOfProject Value="True"/>
        <ComponentName Value="frmMain"/>
        <HasResources Value="True"/>
        <ResourceBaseClass Value="Form"/>
        <UnitName Value="formklock"/>
        <TopLine Value="422"/>
        <CursorPos X="76" Y="449"/>
        <UsageCount Value="202"/>
        <Loaded Value="True"/>
        <LoadedDesigner Value="True"/>
      </Unit1>
      <Unit2>
        <Filename Value="info.txt"/>
        <CursorPos X="16" Y="2"/>
        <UsageCount Value="165"/>
        <DefaultSyntaxHighlighter Value="None"/>
      </Unit2>
      <Unit3>
        <Filename Value="formAbout.pas"/>
        <IsPartOfProject Value="True"/>
        <ComponentName Value="frmAbout"/>
        <HasResources Value="True"/>
        <ResourceBaseClass Value="Form"/>
        <EditorIndex Value="-1"/>
        <TopLine Value="15"/>
        <CursorPos Y="34"/>
        <UsageCount Value="200"/>
      </Unit3>
      <Unit4>
        <Filename Value="formHelp.pas"/>
        <ComponentName Value="frmHelp"/>
        <HasResources Value="True"/>
        <ResourceBaseClass Value="Form"/>
        <EditorIndex Value="-1"/>
        <CursorPos X="64" Y="20"/>
        <UsageCount Value="190"/>
      </Unit4>
      <Unit5>
        <Filename Value="formOptions.pas"/>
        <IsPartOfProject Value="True"/>
        <ComponentName Value="frmOptions"/>
        <HasResources Value="True"/>
        <ResourceBaseClass Value="Form"/>
        <EditorIndex Value="-1"/>
        <TopLine Value="560"/>
        <CursorPos X="54" Y="249"/>
        <UsageCount Value="200"/>
      </Unit5>
      <Unit6>
        <Filename Value="C:\lazarus\lcl\comctrls.pp"/>
        <UnitName Value="ComCtrls"/>
        <TopLine Value="790"/>
        <CursorPos X="3" Y="559"/>
        <UsageCount Value="6"/>
      </Unit6>
      <Unit7>
        <Filename Value="ucountdown.pas"/>
        <UnitName Value="Ucountdown"/>
        <CursorPos Y="12"/>
        <UsageCount Value="6"/>
      </Unit7>
      <Unit8>
        <Filename Value="C:\lazarus\lcl\lclclasses.pp"/>
        <UnitName Value="LCLClasses"/>
        <TopLine Value="74"/>
        <CursorPos Y="94"/>
        <UsageCount Value="6"/>
      </Unit8>
      <Unit9>
        <Filename Value="ufuzzytime.pas"/>
        <IsPartOfProject Value="True"/>
        <UnitName Value="UFuzzyTime"/>
        <IsVisibleTab Value="True"/>
        <EditorIndex Value="1"/>
        <TopLine Value="73"/>
        <CursorPos Y="270"/>
        <UsageCount Value="200"/>
        <Loaded Value="True"/>
      </Unit9>
      <Unit10>
        <Filename Value="uoptionsrecord.pas"/>
        <UnitName Value="UOptionsRecord"/>
        <CursorPos Y="25"/>
        <UsageCount Value="7"/>
      </Unit10>
      <Unit11>
        <Filename Value="formlicense.pas"/>
        <IsPartOfProject Value="True"/>
        <ComponentName Value="frmLicense"/>
        <HasResources Value="True"/>
        <ResourceBaseClass Value="Form"/>
        <UnitName Value="formLicense"/>
        <EditorIndex Value="-1"/>
        <CursorPos Y="24"/>
        <UsageCount Value="200"/>
      </Unit11>
      <Unit12>
        <Filename Value="uklockutils.pas"/>
        <IsPartOfProject Value="True"/>
        <UnitName Value="UKlockUtils"/>
        <EditorIndex Value="-1"/>
        <TopLine Value="623"/>
        <CursorPos X="21" Y="51"/>
        <UsageCount Value="200"/>
      </Unit12>
      <Unit13>
        <Filename Value="C:\lazarus\lcl\lclintf.pas"/>
        <UnitName Value="LCLIntf"/>
        <TopLine Value="205"/>
        <UsageCount Value="9"/>
      </Unit13>
      <Unit14>
        <Filename Value="formreminderinput.pas"/>
        <IsPartOfProject Value="True"/>
        <ComponentName Value="frmReminderInput"/>
        <HasResources Value="True"/>
        <ResourceBaseClass Value="Form"/>
        <UnitName Value="formReminderInput"/>
        <EditorIndex Value="-1"/>
        <CursorPos Y="4"/>
        <UsageCount Value="203"/>
      </Unit14>
      <Unit15>
        <Filename Value="uoptions.pas"/>
        <IsPartOfProject Value="True"/>
        <UnitName Value="uOptions"/>
        <EditorIndex Value="-1"/>
        <WindowIndex Value="-1"/>
        <CursorPos Y="1054"/>
        <UsageCount Value="202"/>
      </Unit15>
      <Unit16>
        <Filename Value="uoptionsutils.pas"/>
        <UnitName Value="uOptionsUtils"/>
        <EditorIndex Value="-1"/>
        <CursorPos X="6" Y="17"/>
        <UsageCount Value="57"/>
      </Unit16>
      <Unit17>
        <Filename Value="formanalogueklock.pas"/>
        <IsPartOfProject Value="True"/>
        <ComponentName Value="frmAnalogueKlock"/>
        <HasResources Value="True"/>
        <ResourceBaseClass Value="Form"/>
        <UnitName Value="formAnalogueKlock"/>
        <EditorIndex Value="-1"/>
        <TopLine Value="156"/>
        <CursorPos X="74" Y="179"/>
        <UsageCount Value="200"/>
      </Unit17>
      <Unit18>
        <Filename Value="ufonts.pas"/>
        <IsPartOfProject Value="True"/>
        <UnitName Value="uFonts"/>
        <EditorIndex Value="-1"/>
        <TopLine Value="61"/>
        <CursorPos X="61" Y="71"/>
        <UsageCount Value="200"/>
      </Unit18>
      <Unit19>
        <Filename Value="uloggerutils.pas"/>
        <UnitName Value="uLoggerUtils"/>
        <EditorIndex Value="-1"/>
        <CursorPos X="9" Y="85"/>
        <UsageCount Value="3"/>
      </Unit19>
      <Unit20>
        <Filename Value="ulogging.pas"/>
        <IsPartOfProject Value="True"/>
        <UnitName Value="ULogging"/>
        <EditorIndex Value="-1"/>
        <TopLine Value="33"/>
        <CursorPos X="67" Y="49"/>
        <UsageCount Value="205"/>
      </Unit20>
      <Unit21>
        <Filename Value="uformclipboardutils.pas"/>
        <IsPartOfProject Value="True"/>
        <UnitName Value="UformClipBoardUtils"/>
        <EditorIndex Value="-1"/>
        <CursorPos Y="2"/>
        <UsageCount Value="200"/>
      </Unit21>
      <Unit22>
        <Filename Value="formclipboard.pas"/>
        <IsPartOfProject Value="True"/>
        <ComponentName Value="frmClipBoard"/>
        <HasResources Value="True"/>
        <ResourceBaseClass Value="Form"/>
        <UnitName Value="formClipBoard"/>
        <EditorIndex Value="-1"/>
        <CursorPos X="72" Y="5"/>
        <UsageCount Value="200"/>
      </Unit22>
      <Unit23>
        <Filename Value="uinfoutils.pas"/>
        <IsPartOfProject Value="True"/>
        <UnitName Value="uInfoUtils"/>
        <EditorIndex Value="-1"/>
        <TopLine Value="248"/>
        <CursorPos X="20" Y="273"/>
        <UsageCount Value="200"/>
      </Unit23>
      <Unit24>
        <Filename Value="forminfo.pas"/>
        <IsPartOfProject Value="True"/>
        <ComponentName Value="frmInfo"/>
        <HasResources Value="True"/>
        <ResourceBaseClass Value="Form"/>
        <UnitName Value="formInfo"/>
        <EditorIndex Value="-1"/>
        <TopLine Value="45"/>
        <CursorPos X="34" Y="70"/>
        <UsageCount Value="200"/>
      </Unit24>
      <Unit25>
        <Filename Value="C:\lazarus64\fpc\3.0.4\source\rtl\win\sysutils.pp"/>
        <EditorIndex Value="-1"/>
        <CursorPos X="15" Y="14"/>
        <UsageCount Value="3"/>
      </Unit25>
      <Unit26>
        <Filename Value="C:\lazarus64\fpc\3.0.4\source\rtl\win64\windows.pp"/>
        <EditorIndex Value="-1"/>
        <CursorPos X="15" Y="12"/>
        <UsageCount Value="3"/>
      </Unit26>
      <Unit27>
        <Filename Value="formledklock.pas"/>
        <IsPartOfProject Value="True"/>
        <ComponentName Value="frmLEDKlock"/>
        <HasResources Value="True"/>
        <ResourceBaseClass Value="Form"/>
        <UnitName Value="formLEDKlock"/>
        <EditorIndex Value="-1"/>
        <TopLine Value="125"/>
        <CursorPos X="63" Y="144"/>
        <UsageCount Value="195"/>
      </Unit27>
      <Unit28>
        <Filename Value="formbinaryklock.pas"/>
        <IsPartOfProject Value="True"/>
        <ComponentName Value="frmBinaryKlock"/>
        <HasResources Value="True"/>
        <ResourceBaseClass Value="Form"/>
        <UnitName Value="formBinaryKlock"/>
        <EditorIndex Value="-1"/>
        <TopLine Value="258"/>
        <CursorPos X="63" Y="277"/>
        <UsageCount Value="185"/>
      </Unit28>
      <Unit29>
        <Filename Value="formsmalltextklock.pas"/>
        <IsPartOfProject Value="True"/>
        <ComponentName Value="frmSmallTextKlock"/>
        <HasResources Value="True"/>
        <ResourceBaseClass Value="Form"/>
        <UnitName Value="formSmallTextKlock"/>
        <EditorIndex Value="-1"/>
        <TopLine Value="250"/>
        <CursorPos X="63" Y="269"/>
        <UsageCount Value="162"/>
      </Unit29>
      <Unit30>
        <Filename Value="C:\lazarus64\fpc\3.0.4\source\rtl\objpas\sysutils\datih.inc"/>
        <EditorIndex Value="-1"/>
        <TopLine Value="103"/>
        <CursorPos X="67" Y="120"/>
        <UsageCount Value="2"/>
      </Unit30>
      <Unit31>
        <Filename Value="uconversion.pas"/>
        <IsPartOfProject Value="True"/>
        <UnitName Value="UConversion"/>
        <EditorIndex Value="-1"/>
        <TopLine Value="140"/>
        <CursorPos X="25" Y="56"/>
        <UsageCount Value="140"/>
      </Unit31>
      <Unit32>
        <Filename Value="C:\lazarus64\fpc\3.0.4\source\rtl\objpas\sysutils\sysstrh.inc"/>
        <EditorIndex Value="-1"/>
        <TopLine Value="161"/>
        <CursorPos X="10" Y="180"/>
        <UsageCount Value="1"/>
      </Unit32>
      <Unit33>
        <Filename Value="ustickynotes.pas"/>
        <IsPartOfProject Value="True"/>
        <UnitName Value="ustickyNotes"/>
        <EditorIndex Value="-1"/>
        <TopLine Value="78"/>
        <CursorPos X="25" Y="100"/>
        <UsageCount Value="123"/>
      </Unit33>
      <Unit34>
        <Filename Value="ustickynote.pas"/>
        <IsPartOfProject Value="True"/>
        <UnitName Value="ustickyNote"/>
        <EditorIndex Value="-1"/>
        <TopLine Value="209"/>
        <CursorPos X="45" Y="47"/>
        <UsageCount Value="123"/>
      </Unit34>
      <Unit35>
        <Filename Value="formstickynote.pas"/>
        <IsPartOfProject Value="True"/>
        <ComponentName Value="frmStickyNote"/>
        <HasResources Value="True"/>
        <ResourceBaseClass Value="Form"/>
        <UnitName Value="formStickyNote"/>
        <EditorIndex Value="-1"/>
        <TopLine Value="49"/>
        <CursorPos X="85" Y="66"/>
        <UsageCount Value="123"/>
      </Unit35>
      <Unit36>
        <Filename Value="C:\lazarus64\lcl\stdctrls.pp"/>
        <UnitName Value="StdCtrls"/>
        <EditorIndex Value="-1"/>
        <TopLine Value="1523"/>
        <CursorPos X="26" Y="1540"/>
        <UsageCount Value="3"/>
      </Unit36>
      <Unit37>
        <Filename Value="umemo.pas"/>
        <IsPartOfProject Value="True"/>
        <UnitName Value="uMemo"/>
        <EditorIndex Value="-1"/>
        <TopLine Value="46"/>
        <CursorPos Y="98"/>
        <UsageCount Value="97"/>
      </Unit37>
      <Unit38>
        <Filename Value="umemos.pas"/>
        <IsPartOfProject Value="True"/>
        <UnitName Value="uMemos"/>
        <EditorIndex Value="-1"/>
        <TopLine Value="142"/>
        <CursorPos X="42" Y="120"/>
        <UsageCount Value="97"/>
      </Unit38>
      <Unit39>
        <Filename Value="C:\lazarus64\fpc\3.0.4\source\rtl\win\wininc\redef.inc"/>
        <EditorIndex Value="-1"/>
        <TopLine Value="511"/>
        <CursorPos X="24" Y="530"/>
        <UsageCount Value="8"/>
      </Unit39>
      <Unit40>
        <Filename Value="C:\Users\keleven\AppData\Local\lazarus\onlinepackagemanager\packages\bgracontrols-master\bcsvgviewer.pas"/>
        <UnitName Value="BCSVGViewer"/>
        <EditorIndex Value="-1"/>
        <TopLine Value="142"/>
        <CursorPos X="40" Y="161"/>
        <UsageCount Value="7"/>
      </Unit40>
      <Unit41>
        <Filename Value="C:\lazarus64\fpc\3.0.4\source\rtl\win\wininc\struct.inc"/>
        <EditorIndex Value="-1"/>
        <TopLine Value="4355"/>
        <CursorPos X="6" Y="4362"/>
        <UsageCount Value="8"/>
      </Unit41>
      <Unit42>
        <Filename Value="C:\lazarus64\fpc\3.0.4\source\rtl\inc\mathh.inc"/>
        <EditorIndex Value="-1"/>
        <TopLine Value="78"/>
        <CursorPos X="14" Y="96"/>
        <UsageCount Value="8"/>
      </Unit42>
      <Unit43>
        <Filename Value="C:\lazarus64\lcl\graphics.pp"/>
        <UnitName Value="Graphics"/>
        <EditorIndex Value="-1"/>
        <TopLine Value="1940"/>
        <CursorPos X="10" Y="1959"/>
        <UsageCount Value="9"/>
      </Unit43>
      <Unit44>
        <Filename Value="forminfo.lfm"/>
        <EditorIndex Value="-1"/>
        <CursorPos X="61" Y="12"/>
        <UsageCount Value="9"/>
        <DefaultSyntaxHighlighter Value="LFM"/>
      </Unit44>
      <Unit45>
        <Filename Value="uarchiveutils.pas"/>
        <IsPartOfProject Value="True"/>
        <UnitName Value="uArchiveUtils"/>
        <EditorIndex Value="-1"/>
        <TopLine Value="68"/>
        <CursorPos X="35" Y="101"/>
        <UsageCount Value="40"/>
      </Unit45>
    </Units>
    <OtherDefines Count="1">
      <Define0 Value="TEST"/>
    </OtherDefines>
    <JumpHistory Count="9" HistoryIndex="8">
      <Position1>
        <Filename Value="formKlock.pas"/>
        <Caret Line="242" TopLine="224"/>
      </Position1>
      <Position2>
        <Filename Value="formKlock.pas"/>
        <Caret Line="378" Column="52" TopLine="354"/>
      </Position2>
      <Position3>
        <Filename Value="formKlock.pas"/>
        <Caret Line="379" Column="52" TopLine="355"/>
      </Position3>
      <Position4>
        <Filename Value="formKlock.pas"/>
        <Caret Line="388" Column="69" TopLine="370"/>
      </Position4>
      <Position5>
        <Filename Value="formKlock.pas"/>
        <Caret Line="392" Column="23" TopLine="376"/>
      </Position5>
      <Position6>
        <Filename Value="formKlock.pas"/>
        <Caret Line="101" Column="14" TopLine="83"/>
      </Position6>
      <Position7>
        <Filename Value="formKlock.pas"/>
        <Caret Line="731" Column="58" TopLine="704"/>
      </Position7>
      <Position8>
        <Filename Value="formKlock.pas"/>
        <Caret Line="722" Column="71" TopLine="694"/>
      </Position8>
      <Position9>
        <Filename Value="formKlock.pas"/>
        <Caret Line="687" Column="49" TopLine="672"/>
      </Position9>
    </JumpHistory>
  </ProjectOptions>
  <CompilerOptions>
    <Version Value="11"/>
    <PathDelim Value="\"/>
    <Target>
      <Filename Value="lazklock"/>
    </Target>
    <SearchPaths>
      <IncludeFiles Value="$(ProjOutDir)"/>
      <UnitOutputDirectory Value="lib\$(TargetCPU)-$(TargetOS)"/>
    </SearchPaths>
    <Parsing>
      <SyntaxOptions>
        <AllowLabel Value="False"/>
      </SyntaxOptions>
    </Parsing>
    <CodeGeneration>
      <SmartLinkUnit Value="True"/>
      <Optimizations>
        <OptimizationLevel Value="2"/>
      </Optimizations>
      <SmallerCode Value="True"/>
    </CodeGeneration>
    <Linking>
      <Debugging>
        <GenerateDebugInfo Value="False"/>
        <StripSymbols Value="True"/>
      </Debugging>
      <LinkSmart Value="True"/>
      <Options>
        <Win32>
          <GraphicApplication Value="True"/>
        </Win32>
      </Options>
    </Linking>
    <Other>
      <Verbosity>
        <ShowExecInfo Value="True"/>
      </Verbosity>
      <CustomOptions Value="-dTEST"/>
      <OtherDefines Count="1">
        <Define0 Value="TEST"/>
      </OtherDefines>
    </Other>
  </CompilerOptions>
  <Debugging>
    <Exceptions Count="5">
      <Item1>
        <Name Value="EAbort"/>
      </Item1>
      <Item2>
        <Name Value="ECodetoolError"/>
      </Item2>
      <Item3>
        <Name Value="EFOpenError"/>
      </Item3>
      <Item4>
        <Name Value="ERangeError"/>
      </Item4>
      <Item5>
        <Name Value="RunError(201)"/>
      </Item5>
    </Exceptions>
  </Debugging>
</CONFIG>
