<?xml version="1.0"?>
<CONFIG>
  <ProjectOptions>
    <Version Value="9"/>
    <PathDelim Value="\"/>
    <General>
      <MainUnit Value="0"/>
      <Title Value="klock"/>
      <ResourceType Value="res"/>
      <UseXPManifest Value="True"/>
      <Icon Value="0"/>
      <ActiveWindowIndexAtStart Value="0"/>
    </General>
    <i18n>
      <EnableI18N LFM="False"/>
    </i18n>
    <VersionInfo>
      <UseVersionInfo Value="True"/>
      <BuildNr Value="32"/>
      <Language Value="0809"/>
      <StringTable Comments="A Clock with a K" CompanyName="www.keleven.co.uk" FileDescription="A timing thingy" InternalName="klock" LegalCopyright="(c) kevin Scott 2012" OriginalFilename="klock.exe" ProductName="klock" ProductVersion="32"/>
    </VersionInfo>
    <BuildModes Count="1" Active="Default">
      <Item1 Name="Default" Default="True"/>
    </BuildModes>
    <PublishOptions>
      <Version Value="2"/>
      <IncludeFileFilter Value="*.(pas|pp|inc|lfm|lpr|lrs|lpi|lpk|sh|xml)"/>
      <ExcludeFileFilter Value="*.(bak|ppu|o|so);*~;backup"/>
    </PublishOptions>
    <RunParams>
      <local>
        <FormatVersion Value="1"/>
      </local>
    </RunParams>
    <RequiredPackages Count="3">
      <Item1>
        <PackageName Value="RunTimeTypeInfoControls"/>
        <MinVersion Minor="1" Valid="True"/>
      </Item1>
      <Item2>
        <PackageName Value="SynEdit"/>
        <MinVersion Major="1" Valid="True"/>
      </Item2>
      <Item3>
        <PackageName Value="LCL"/>
      </Item3>
    </RequiredPackages>
    <Units Count="14">
      <Unit0>
        <Filename Value="klock.lpr"/>
        <IsPartOfProject Value="True"/>
        <UnitName Value="klock"/>
        <WindowIndex Value="0"/>
        <TopLine Value="1"/>
        <CursorPos X="1" Y="23"/>
        <UsageCount Value="192"/>
      </Unit0>
      <Unit1>
        <Filename Value="uklock.pas"/>
        <IsPartOfProject Value="True"/>
        <ComponentName Value="frmMain"/>
        <HasResources Value="True"/>
        <ResourceBaseClass Value="Form"/>
        <UnitName Value="Uklock"/>
        <EditorIndex Value="0"/>
        <WindowIndex Value="0"/>
        <TopLine Value="976"/>
        <CursorPos X="55" Y="971"/>
        <UsageCount Value="192"/>
        <Loaded Value="True"/>
        <LoadedDesigner Value="True"/>
      </Unit1>
      <Unit2>
        <Filename Value="info.txt"/>
        <WindowIndex Value="0"/>
        <TopLine Value="1"/>
        <CursorPos X="16" Y="2"/>
        <UsageCount Value="186"/>
        <DefaultSyntaxHighlighter Value="None"/>
      </Unit2>
      <Unit3>
        <Filename Value="uabout.pas"/>
        <IsPartOfProject Value="True"/>
        <ComponentName Value="frmAbout"/>
        <HasResources Value="True"/>
        <ResourceBaseClass Value="Form"/>
        <UnitName Value="UAbout"/>
        <EditorIndex Value="6"/>
        <WindowIndex Value="0"/>
        <TopLine Value="14"/>
        <CursorPos X="87" Y="37"/>
        <UsageCount Value="190"/>
        <Loaded Value="True"/>
        <LoadedDesigner Value="True"/>
      </Unit3>
      <Unit4>
        <Filename Value="uhelp.pas"/>
        <IsPartOfProject Value="True"/>
        <ComponentName Value="frmHelp"/>
        <HasResources Value="True"/>
        <ResourceBaseClass Value="Form"/>
        <UnitName Value="Uhelp"/>
        <EditorIndex Value="4"/>
        <WindowIndex Value="0"/>
        <TopLine Value="37"/>
        <CursorPos X="67" Y="67"/>
        <UsageCount Value="186"/>
        <Loaded Value="True"/>
        <LoadedDesigner Value="True"/>
      </Unit4>
      <Unit5>
        <Filename Value="uoptions.pas"/>
        <IsPartOfProject Value="True"/>
        <ComponentName Value="frmOptions"/>
        <HasResources Value="True"/>
        <ResourceBaseClass Value="Form"/>
        <UnitName Value="UOptions"/>
        <IsVisibleTab Value="True"/>
        <EditorIndex Value="2"/>
        <WindowIndex Value="0"/>
        <TopLine Value="124"/>
        <CursorPos X="26" Y="138"/>
        <UsageCount Value="183"/>
        <Loaded Value="True"/>
        <LoadedDesigner Value="True"/>
      </Unit5>
      <Unit6>
        <Filename Value="C:\lazarus\lcl\comctrls.pp"/>
        <UnitName Value="ComCtrls"/>
        <WindowIndex Value="0"/>
        <TopLine Value="790"/>
        <CursorPos X="3" Y="559"/>
        <UsageCount Value="7"/>
      </Unit6>
      <Unit7>
        <Filename Value="ucountdown.pas"/>
        <UnitName Value="Ucountdown"/>
        <WindowIndex Value="0"/>
        <TopLine Value="1"/>
        <CursorPos X="1" Y="12"/>
        <UsageCount Value="17"/>
      </Unit7>
      <Unit8>
        <Filename Value="C:\lazarus\lcl\lclclasses.pp"/>
        <UnitName Value="LCLClasses"/>
        <WindowIndex Value="0"/>
        <TopLine Value="74"/>
        <CursorPos X="1" Y="94"/>
        <UsageCount Value="7"/>
      </Unit8>
      <Unit9>
        <Filename Value="ufuzzytime.pas"/>
        <IsPartOfProject Value="True"/>
        <UnitName Value="UFuzzyTime"/>
        <EditorIndex Value="1"/>
        <WindowIndex Value="0"/>
        <TopLine Value="259"/>
        <CursorPos X="8" Y="282"/>
        <UsageCount Value="163"/>
        <Loaded Value="True"/>
      </Unit9>
      <Unit10>
        <Filename Value="uoptionsrecord.pas"/>
        <UnitName Value="UOptionsRecord"/>
        <WindowIndex Value="0"/>
        <TopLine Value="1"/>
        <CursorPos X="1" Y="25"/>
        <UsageCount Value="18"/>
      </Unit10>
      <Unit11>
        <Filename Value="ulicense.pas"/>
        <IsPartOfProject Value="True"/>
        <ComponentName Value="frmLicense"/>
        <HasResources Value="True"/>
        <ResourceBaseClass Value="Form"/>
        <UnitName Value="uLicense"/>
        <EditorIndex Value="5"/>
        <WindowIndex Value="0"/>
        <TopLine Value="28"/>
        <CursorPos X="37" Y="42"/>
        <UsageCount Value="126"/>
        <Loaded Value="True"/>
        <LoadedDesigner Value="True"/>
      </Unit11>
      <Unit12>
        <Filename Value="uklockutils.pas"/>
        <IsPartOfProject Value="True"/>
        <UnitName Value="UKlockUtils"/>
        <EditorIndex Value="3"/>
        <WindowIndex Value="0"/>
        <TopLine Value="4"/>
        <CursorPos X="52" Y="17"/>
        <UsageCount Value="100"/>
        <Loaded Value="True"/>
      </Unit12>
      <Unit13>
        <Filename Value="C:\lazarus\lcl\lclintf.pas"/>
        <UnitName Value="LCLIntf"/>
        <WindowIndex Value="0"/>
        <TopLine Value="205"/>
        <CursorPos X="1" Y="1"/>
        <UsageCount Value="10"/>
      </Unit13>
    </Units>
    <JumpHistory Count="29" HistoryIndex="28">
      <Position1>
        <Filename Value="uklock.pas"/>
        <Caret Line="315" Column="1" TopLine="291"/>
      </Position1>
      <Position2>
        <Filename Value="uklock.pas"/>
        <Caret Line="323" Column="1" TopLine="312"/>
      </Position2>
      <Position3>
        <Filename Value="uklock.pas"/>
        <Caret Line="381" Column="30" TopLine="357"/>
      </Position3>
      <Position4>
        <Filename Value="uklock.pas"/>
        <Caret Line="393" Column="1" TopLine="369"/>
      </Position4>
      <Position5>
        <Filename Value="uklock.pas"/>
        <Caret Line="696" Column="29" TopLine="675"/>
      </Position5>
      <Position6>
        <Filename Value="uklock.pas"/>
        <Caret Line="732" Column="29" TopLine="707"/>
      </Position6>
      <Position7>
        <Filename Value="uklock.pas"/>
        <Caret Line="750" Column="29" TopLine="728"/>
      </Position7>
      <Position8>
        <Filename Value="uklock.pas"/>
        <Caret Line="1072" Column="29" TopLine="1043"/>
      </Position8>
      <Position9>
        <Filename Value="uklock.pas"/>
        <Caret Line="1090" Column="29" TopLine="1061"/>
      </Position9>
      <Position10>
        <Filename Value="uklock.pas"/>
        <Caret Line="1104" Column="28" TopLine="1076"/>
      </Position10>
      <Position11>
        <Filename Value="uklock.pas"/>
        <Caret Line="10" Column="68" TopLine="1"/>
      </Position11>
      <Position12>
        <Filename Value="uklock.pas"/>
        <Caret Line="862" Column="6" TopLine="849"/>
      </Position12>
      <Position13>
        <Filename Value="uklock.pas"/>
        <Caret Line="859" Column="13" TopLine="844"/>
      </Position13>
      <Position14>
        <Filename Value="uklock.pas"/>
        <Caret Line="865" Column="8" TopLine="852"/>
      </Position14>
      <Position15>
        <Filename Value="uklock.pas"/>
        <Caret Line="858" Column="5" TopLine="846"/>
      </Position15>
      <Position16>
        <Filename Value="uklock.pas"/>
        <Caret Line="880" Column="73" TopLine="866"/>
      </Position16>
      <Position17>
        <Filename Value="uklock.pas"/>
        <Caret Line="865" Column="1" TopLine="862"/>
      </Position17>
      <Position18>
        <Filename Value="uklock.pas"/>
        <Caret Line="859" Column="20" TopLine="844"/>
      </Position18>
      <Position19>
        <Filename Value="uklock.pas"/>
        <Caret Line="886" Column="40" TopLine="853"/>
      </Position19>
      <Position20>
        <Filename Value="uklock.pas"/>
        <Caret Line="163" Column="14" TopLine="144"/>
      </Position20>
      <Position21>
        <Filename Value="uklock.pas"/>
        <Caret Line="884" Column="20" TopLine="865"/>
      </Position21>
      <Position22>
        <Filename Value="uklock.pas"/>
        <Caret Line="997" Column="3" TopLine="980"/>
      </Position22>
      <Position23>
        <Filename Value="uklock.pas"/>
        <Caret Line="886" Column="25" TopLine="870"/>
      </Position23>
      <Position24>
        <Filename Value="uklock.pas"/>
        <Caret Line="963" Column="18" TopLine="937"/>
      </Position24>
      <Position25>
        <Filename Value="uklock.pas"/>
        <Caret Line="982" Column="37" TopLine="968"/>
      </Position25>
      <Position26>
        <Filename Value="uklock.pas"/>
        <Caret Line="969" Column="37" TopLine="938"/>
      </Position26>
      <Position27>
        <Filename Value="uklock.pas"/>
        <Caret Line="968" Column="30" TopLine="949"/>
      </Position27>
      <Position28>
        <Filename Value="uklock.pas"/>
        <Caret Line="967" Column="24" TopLine="948"/>
      </Position28>
      <Position29>
        <Filename Value="uklock.pas"/>
        <Caret Line="1225" Column="80" TopLine="1206"/>
      </Position29>
    </JumpHistory>
  </ProjectOptions>
  <CompilerOptions>
    <Version Value="11"/>
    <PathDelim Value="\"/>
    <Target>
      <Filename Value="klock"/>
    </Target>
    <SearchPaths>
      <IncludeFiles Value="$(ProjOutDir)"/>
      <UnitOutputDirectory Value="lib\$(TargetCPU)-$(TargetOS)"/>
    </SearchPaths>
    <CodeGeneration>
      <Optimizations>
        <OptimizationLevel Value="2"/>
      </Optimizations>
    </CodeGeneration>
    <Linking>
      <Debugging>
        <GenerateDebugInfo Value="False"/>
      </Debugging>
      <Options>
        <Win32>
          <GraphicApplication Value="True"/>
        </Win32>
      </Options>
    </Linking>
    <Other>
      <CompilerMessages>
        <UseMsgFile Value="True"/>
      </CompilerMessages>
      <CompilerPath Value="$(CompPath)"/>
    </Other>
  </CompilerOptions>
  <Debugging>
    <Exceptions Count="3">
      <Item1>
        <Name Value="EAbort"/>
      </Item1>
      <Item2>
        <Name Value="ECodetoolError"/>
      </Item2>
      <Item3>
        <Name Value="EFOpenError"/>
      </Item3>
    </Exceptions>
  </Debugging>
</CONFIG>
